
Microsoft Visual Studio Solution File, Format Version 12.00
# Visual Studio 15
VisualStudioVersion = 15.0.26124.0
MinimumVisualStudioVersion = 15.0.26124.0
Project("{2150E333-8FDC-42A3-9474-1A3956D46DE8}") = "src", "src", "{3A5428BE-0437-4A4E-9A71-057021BB665C}"
EndProject
Project("{FAE04EC0-301F-11D3-BF4B-00C04F79EFBC}") = "HumanResources", "src\HumanResources\HumanResources.csproj", "{D44782E9-1CC8-4F18-BFF7-1CE1CCFE6C68}"
EndProject
Project("{2150E333-8FDC-42A3-9474-1A3956D46DE8}") = "test", "test", "{AAF9EE6D-1F81-480B-B5B5-3543CE908C8E}"
EndProject
Project("{FAE04EC0-301F-11D3-BF4B-00C04F79EFBC}") = "HumanResources.Test", "test\HumanResources.Test\HumanResources.Test.csproj", "{13F3CD9A-534B-4D48-8BC1-B117165C9290}"
EndProject
Project("{FAE04EC0-301F-11D3-BF4B-00C04F79EFBC}") = "HumanResources.Crosscutting", "src\HumanResources.Crosscutting\HumanResources.Crosscutting.csproj", "{08AC4FE2-4269-4848-B3C0-3A90DF57ED86}"
EndProject
Project("{FAE04EC0-301F-11D3-BF4B-00C04F79EFBC}") = "HumanResources.Domain", "src\HumanResources.Domain\HumanResources.Domain.csproj", "{F059CCEB-4100-416D-8D20-38D851B78E2A}"
EndProject
Project("{FAE04EC0-301F-11D3-BF4B-00C04F79EFBC}") = "HumanResources.Dto", "src\HumanResources.Dto\HumanResources.Dto.csproj", "{777C93AF-11CB-4020-A46E-84CD7EB1638F}"
EndProject
Project("{FAE04EC0-301F-11D3-BF4B-00C04F79EFBC}") = "HumanResources.Domain.Services", "src\HumanResources.Domain.Services\HumanResources.Domain.Services.csproj", "{930DCB9A-92BD-4CCB-B9C0-A7F4518CD2FB}"
EndProject
Project("{FAE04EC0-301F-11D3-BF4B-00C04F79EFBC}") = "HumanResources.Infrastructure", "src\HumanResources.Infrastructure\HumanResources.Infrastructure.csproj", "{5695FD51-9430-4AF0-BD9D-1D71522649F5}"
EndProject
Global
	GlobalSection(SolutionConfigurationPlatforms) = preSolution
		Debug|Any CPU = Debug|Any CPU
		Debug|x64 = Debug|x64
		Debug|x86 = Debug|x86
		Release|Any CPU = Release|Any CPU
		Release|x64 = Release|x64
		Release|x86 = Release|x86
	EndGlobalSection
	GlobalSection(SolutionProperties) = preSolution
		HideSolutionNode = FALSE
	EndGlobalSection
	GlobalSection(ProjectConfigurationPlatforms) = postSolution
		{D44782E9-1CC8-4F18-BFF7-1CE1CCFE6C68}.Debug|Any CPU.ActiveCfg = Debug|Any CPU
		{D44782E9-1CC8-4F18-BFF7-1CE1CCFE6C68}.Debug|Any CPU.Build.0 = Debug|Any CPU
		{D44782E9-1CC8-4F18-BFF7-1CE1CCFE6C68}.Debug|x64.ActiveCfg = Debug|Any CPU
		{D44782E9-1CC8-4F18-BFF7-1CE1CCFE6C68}.Debug|x64.Build.0 = Debug|Any CPU
		{D44782E9-1CC8-4F18-BFF7-1CE1CCFE6C68}.Debug|x86.ActiveCfg = Debug|Any CPU
		{D44782E9-1CC8-4F18-BFF7-1CE1CCFE6C68}.Debug|x86.Build.0 = Debug|Any CPU
		{D44782E9-1CC8-4F18-BFF7-1CE1CCFE6C68}.Release|Any CPU.ActiveCfg = Release|Any CPU
		{D44782E9-1CC8-4F18-BFF7-1CE1CCFE6C68}.Release|Any CPU.Build.0 = Release|Any CPU
		{D44782E9-1CC8-4F18-BFF7-1CE1CCFE6C68}.Release|x64.ActiveCfg = Release|Any CPU
		{D44782E9-1CC8-4F18-BFF7-1CE1CCFE6C68}.Release|x64.Build.0 = Release|Any CPU
		{D44782E9-1CC8-4F18-BFF7-1CE1CCFE6C68}.Release|x86.ActiveCfg = Release|Any CPU
		{D44782E9-1CC8-4F18-BFF7-1CE1CCFE6C68}.Release|x86.Build.0 = Release|Any CPU
		{13F3CD9A-534B-4D48-8BC1-B117165C9290}.Debug|Any CPU.ActiveCfg = Debug|Any CPU
		{13F3CD9A-534B-4D48-8BC1-B117165C9290}.Debug|Any CPU.Build.0 = Debug|Any CPU
		{13F3CD9A-534B-4D48-8BC1-B117165C9290}.Debug|x64.ActiveCfg = Debug|Any CPU
		{13F3CD9A-534B-4D48-8BC1-B117165C9290}.Debug|x64.Build.0 = Debug|Any CPU
		{13F3CD9A-534B-4D48-8BC1-B117165C9290}.Debug|x86.ActiveCfg = Debug|Any CPU
		{13F3CD9A-534B-4D48-8BC1-B117165C9290}.Debug|x86.Build.0 = Debug|Any CPU
		{13F3CD9A-534B-4D48-8BC1-B117165C9290}.Release|Any CPU.ActiveCfg = Release|Any CPU
		{13F3CD9A-534B-4D48-8BC1-B117165C9290}.Release|Any CPU.Build.0 = Release|Any CPU
		{13F3CD9A-534B-4D48-8BC1-B117165C9290}.Release|x64.ActiveCfg = Release|Any CPU
		{13F3CD9A-534B-4D48-8BC1-B117165C9290}.Release|x64.Build.0 = Release|Any CPU
		{13F3CD9A-534B-4D48-8BC1-B117165C9290}.Release|x86.ActiveCfg = Release|Any CPU
		{13F3CD9A-534B-4D48-8BC1-B117165C9290}.Release|x86.Build.0 = Release|Any CPU
		{08AC4FE2-4269-4848-B3C0-3A90DF57ED86}.Debug|Any CPU.ActiveCfg = Debug|Any CPU
		{08AC4FE2-4269-4848-B3C0-3A90DF57ED86}.Debug|Any CPU.Build.0 = Debug|Any CPU
		{08AC4FE2-4269-4848-B3C0-3A90DF57ED86}.Debug|x64.ActiveCfg = Debug|Any CPU
		{08AC4FE2-4269-4848-B3C0-3A90DF57ED86}.Debug|x64.Build.0 = Debug|Any CPU
		{08AC4FE2-4269-4848-B3C0-3A90DF57ED86}.Debug|x86.ActiveCfg = Debug|Any CPU
		{08AC4FE2-4269-4848-B3C0-3A90DF57ED86}.Debug|x86.Build.0 = Debug|Any CPU
		{08AC4FE2-4269-4848-B3C0-3A90DF57ED86}.Release|Any CPU.ActiveCfg = Release|Any CPU
		{08AC4FE2-4269-4848-B3C0-3A90DF57ED86}.Release|Any CPU.Build.0 = Release|Any CPU
		{08AC4FE2-4269-4848-B3C0-3A90DF57ED86}.Release|x64.ActiveCfg = Release|Any CPU
		{08AC4FE2-4269-4848-B3C0-3A90DF57ED86}.Release|x64.Build.0 = Release|Any CPU
		{08AC4FE2-4269-4848-B3C0-3A90DF57ED86}.Release|x86.ActiveCfg = Release|Any CPU
		{08AC4FE2-4269-4848-B3C0-3A90DF57ED86}.Release|x86.Build.0 = Release|Any CPU
		{F059CCEB-4100-416D-8D20-38D851B78E2A}.Debug|Any CPU.ActiveCfg = Debug|Any CPU
		{F059CCEB-4100-416D-8D20-38D851B78E2A}.Debug|Any CPU.Build.0 = Debug|Any CPU
		{F059CCEB-4100-416D-8D20-38D851B78E2A}.Debug|x64.ActiveCfg = Debug|Any CPU
		{F059CCEB-4100-416D-8D20-38D851B78E2A}.Debug|x64.Build.0 = Debug|Any CPU
		{F059CCEB-4100-416D-8D20-38D851B78E2A}.Debug|x86.ActiveCfg = Debug|Any CPU
		{F059CCEB-4100-416D-8D20-38D851B78E2A}.Debug|x86.Build.0 = Debug|Any CPU
		{F059CCEB-4100-416D-8D20-38D851B78E2A}.Release|Any CPU.ActiveCfg = Release|Any CPU
		{F059CCEB-4100-416D-8D20-38D851B78E2A}.Release|Any CPU.Build.0 = Release|Any CPU
		{F059CCEB-4100-416D-8D20-38D851B78E2A}.Release|x64.ActiveCfg = Release|Any CPU
		{F059CCEB-4100-416D-8D20-38D851B78E2A}.Release|x64.Build.0 = Release|Any CPU
		{F059CCEB-4100-416D-8D20-38D851B78E2A}.Release|x86.ActiveCfg = Release|Any CPU
		{F059CCEB-4100-416D-8D20-38D851B78E2A}.Release|x86.Build.0 = Release|Any CPU
		{777C93AF-11CB-4020-A46E-84CD7EB1638F}.Debug|Any CPU.ActiveCfg = Debug|Any CPU
		{777C93AF-11CB-4020-A46E-84CD7EB1638F}.Debug|Any CPU.Build.0 = Debug|Any CPU
		{777C93AF-11CB-4020-A46E-84CD7EB1638F}.Debug|x64.ActiveCfg = Debug|Any CPU
		{777C93AF-11CB-4020-A46E-84CD7EB1638F}.Debug|x64.Build.0 = Debug|Any CPU
		{777C93AF-11CB-4020-A46E-84CD7EB1638F}.Debug|x86.ActiveCfg = Debug|Any CPU
		{777C93AF-11CB-4020-A46E-84CD7EB1638F}.Debug|x86.Build.0 = Debug|Any CPU
		{777C93AF-11CB-4020-A46E-84CD7EB1638F}.Release|Any CPU.ActiveCfg = Release|Any CPU
		{777C93AF-11CB-4020-A46E-84CD7EB1638F}.Release|Any CPU.Build.0 = Release|Any CPU
		{777C93AF-11CB-4020-A46E-84CD7EB1638F}.Release|x64.ActiveCfg = Release|Any CPU
		{777C93AF-11CB-4020-A46E-84CD7EB1638F}.Release|x64.Build.0 = Release|Any CPU
		{777C93AF-11CB-4020-A46E-84CD7EB1638F}.Release|x86.ActiveCfg = Release|Any CPU
		{777C93AF-11CB-4020-A46E-84CD7EB1638F}.Release|x86.Build.0 = Release|Any CPU
		{930DCB9A-92BD-4CCB-B9C0-A7F4518CD2FB}.Debug|Any CPU.ActiveCfg = Debug|Any CPU
		{930DCB9A-92BD-4CCB-B9C0-A7F4518CD2FB}.Debug|Any CPU.Build.0 = Debug|Any CPU
		{930DCB9A-92BD-4CCB-B9C0-A7F4518CD2FB}.Debug|x64.ActiveCfg = Debug|Any CPU
		{930DCB9A-92BD-4CCB-B9C0-A7F4518CD2FB}.Debug|x64.Build.0 = Debug|Any CPU
		{930DCB9A-92BD-4CCB-B9C0-A7F4518CD2FB}.Debug|x86.ActiveCfg = Debug|Any CPU
		{930DCB9A-92BD-4CCB-B9C0-A7F4518CD2FB}.Debug|x86.Build.0 = Debug|Any CPU
		{930DCB9A-92BD-4CCB-B9C0-A7F4518CD2FB}.Release|Any CPU.ActiveCfg = Release|Any CPU
		{930DCB9A-92BD-4CCB-B9C0-A7F4518CD2FB}.Release|Any CPU.Build.0 = Release|Any CPU
		{930DCB9A-92BD-4CCB-B9C0-A7F4518CD2FB}.Release|x64.ActiveCfg = Release|Any CPU
		{930DCB9A-92BD-4CCB-B9C0-A7F4518CD2FB}.Release|x64.Build.0 = Release|Any CPU
		{930DCB9A-92BD-4CCB-B9C0-A7F4518CD2FB}.Release|x86.ActiveCfg = Release|Any CPU
		{930DCB9A-92BD-4CCB-B9C0-A7F4518CD2FB}.Release|x86.Build.0 = Release|Any CPU
		{5695FD51-9430-4AF0-BD9D-1D71522649F5}.Debug|Any CPU.ActiveCfg = Debug|Any CPU
		{5695FD51-9430-4AF0-BD9D-1D71522649F5}.Debug|Any CPU.Build.0 = Debug|Any CPU
		{5695FD51-9430-4AF0-BD9D-1D71522649F5}.Debug|x64.ActiveCfg = Debug|Any CPU
		{5695FD51-9430-4AF0-BD9D-1D71522649F5}.Debug|x64.Build.0 = Debug|Any CPU
		{5695FD51-9430-4AF0-BD9D-1D71522649F5}.Debug|x86.ActiveCfg = Debug|Any CPU
		{5695FD51-9430-4AF0-BD9D-1D71522649F5}.Debug|x86.Build.0 = Debug|Any CPU
		{5695FD51-9430-4AF0-BD9D-1D71522649F5}.Release|Any CPU.ActiveCfg = Release|Any CPU
		{5695FD51-9430-4AF0-BD9D-1D71522649F5}.Release|Any CPU.Build.0 = Release|Any CPU
		{5695FD51-9430-4AF0-BD9D-1D71522649F5}.Release|x64.ActiveCfg = Release|Any CPU
		{5695FD51-9430-4AF0-BD9D-1D71522649F5}.Release|x64.Build.0 = Release|Any CPU
		{5695FD51-9430-4AF0-BD9D-1D71522649F5}.Release|x86.ActiveCfg = Release|Any CPU
		{5695FD51-9430-4AF0-BD9D-1D71522649F5}.Release|x86.Build.0 = Release|Any CPU
	EndGlobalSection
	GlobalSection(NestedProjects) = preSolution
		{D44782E9-1CC8-4F18-BFF7-1CE1CCFE6C68} = {3A5428BE-0437-4A4E-9A71-057021BB665C}
		{13F3CD9A-534B-4D48-8BC1-B117165C9290} = {AAF9EE6D-1F81-480B-B5B5-3543CE908C8E}
		{08AC4FE2-4269-4848-B3C0-3A90DF57ED86} = {3A5428BE-0437-4A4E-9A71-057021BB665C}
		{F059CCEB-4100-416D-8D20-38D851B78E2A} = {3A5428BE-0437-4A4E-9A71-057021BB665C}
		{777C93AF-11CB-4020-A46E-84CD7EB1638F} = {3A5428BE-0437-4A4E-9A71-057021BB665C}
		{930DCB9A-92BD-4CCB-B9C0-A7F4518CD2FB} = {3A5428BE-0437-4A4E-9A71-057021BB665C}
		{5695FD51-9430-4AF0-BD9D-1D71522649F5} = {3A5428BE-0437-4A4E-9A71-057021BB665C}
	EndGlobalSection
EndGlobal
